
Microsoft Visual Studio Solution File, Format Version 12.00
# Visual Studio Version 17
VisualStudioVersion = 17.9.34526.213
MinimumVisualStudioVersion = 10.0.40219.1
Project("{FAE04EC0-301F-11D3-BF4B-00C04F79EFBC}") = "Service", "Service.csproj", "{55B823E8-DC6F-488D-9588-88D218C16542}"
EndProject
Project("{9A19103F-16F7-4668-BE54-9A1E7A4F7556}") = "Contracts", "..\Contracts\Contracts.csproj", "{FC38A0EC-406A-4CE2-A67D-BC5733CF9D06}"
EndProject
Project("{9A19103F-16F7-4668-BE54-9A1E7A4F7556}") = "Repository", "..\Repository\Repository.csproj", "{59B12AB4-AA90-4A98-B3EF-7411A5979C03}"
EndProject
Project("{9A19103F-16F7-4668-BE54-9A1E7A4F7556}") = "Service.Contracts", "..\Service.Contracts\Service.Contracts.csproj", "{DF540A15-8C54-4123-8BC4-23891104FCCB}"
EndProject
Project("{9A19103F-16F7-4668-BE54-9A1E7A4F7556}") = "CompanyEmployees", "..\CompanyEmployees\CompanyEmployees\CompanyEmployees.csproj", "{57561CB5-EDF5-4B92-8499-1855FE4F6A5D}"
EndProject
Global
	GlobalSection(SolutionConfigurationPlatforms) = preSolution
		Debug|Any CPU = Debug|Any CPU
		Release|Any CPU = Release|Any CPU
	EndGlobalSection
	GlobalSection(ProjectConfigurationPlatforms) = postSolution
		{55B823E8-DC6F-488D-9588-88D218C16542}.Debug|Any CPU.ActiveCfg = Debug|Any CPU
		{55B823E8-DC6F-488D-9588-88D218C16542}.Debug|Any CPU.Build.0 = Debug|Any CPU
		{55B823E8-DC6F-488D-9588-88D218C16542}.Release|Any CPU.ActiveCfg = Release|Any CPU
		{55B823E8-DC6F-488D-9588-88D218C16542}.Release|Any CPU.Build.0 = Release|Any CPU
		{FC38A0EC-406A-4CE2-A67D-BC5733CF9D06}.Debug|Any CPU.ActiveCfg = Debug|Any CPU
		{FC38A0EC-406A-4CE2-A67D-BC5733CF9D06}.Debug|Any CPU.Build.0 = Debug|Any CPU
		{FC38A0EC-406A-4CE2-A67D-BC5733CF9D06}.Release|Any CPU.ActiveCfg = Release|Any CPU
		{FC38A0EC-406A-4CE2-A67D-BC5733CF9D06}.Release|Any CPU.Build.0 = Release|Any CPU
		{59B12AB4-AA90-4A98-B3EF-7411A5979C03}.Debug|Any CPU.ActiveCfg = Debug|Any CPU
		{59B12AB4-AA90-4A98-B3EF-7411A5979C03}.Debug|Any CPU.Build.0 = Debug|Any CPU
		{59B12AB4-AA90-4A98-B3EF-7411A5979C03}.Release|Any CPU.ActiveCfg = Release|Any CPU
		{59B12AB4-AA90-4A98-B3EF-7411A5979C03}.Release|Any CPU.Build.0 = Release|Any CPU
		{DF540A15-8C54-4123-8BC4-23891104FCCB}.Debug|Any CPU.ActiveCfg = Debug|Any CPU
		{DF540A15-8C54-4123-8BC4-23891104FCCB}.Debug|Any CPU.Build.0 = Debug|Any CPU
		{DF540A15-8C54-4123-8BC4-23891104FCCB}.Release|Any CPU.ActiveCfg = Release|Any CPU
		{DF540A15-8C54-4123-8BC4-23891104FCCB}.Release|Any CPU.Build.0 = Release|Any CPU
		{57561CB5-EDF5-4B92-8499-1855FE4F6A5D}.Debug|Any CPU.ActiveCfg = Debug|Any CPU
		{57561CB5-EDF5-4B92-8499-1855FE4F6A5D}.Debug|Any CPU.Build.0 = Debug|Any CPU
		{57561CB5-EDF5-4B92-8499-1855FE4F6A5D}.Release|Any CPU.ActiveCfg = Release|Any CPU
		{57561CB5-EDF5-4B92-8499-1855FE4F6A5D}.Release|Any CPU.Build.0 = Release|Any CPU
	EndGlobalSection
	GlobalSection(SolutionProperties) = preSolution
		HideSolutionNode = FALSE
	EndGlobalSection
	GlobalSection(ExtensibilityGlobals) = postSolution
		SolutionGuid = {21BC47B1-C5B0-4D88-8D25-0DEF697FBDA1}
	EndGlobalSection
EndGlobal
