
Microsoft Visual Studio Solution File, Format Version 12.00
# Visual Studio Version 17
VisualStudioVersion = 17.9.34526.213
MinimumVisualStudioVersion = 10.0.40219.1
Project("{FAE04EC0-301F-11D3-BF4B-00C04F79EFBC}") = "LoggerService", "LoggerService.csproj", "{F9985DF8-6221-4AD9-8841-E6D02510E173}"
EndProject
Project("{9A19103F-16F7-4668-BE54-9A1E7A4F7556}") = "Contracts", "..\Contracts\Contracts.csproj", "{8F855172-F230-405B-B7CD-CDAF7867F54B}"
EndProject
Project("{9A19103F-16F7-4668-BE54-9A1E7A4F7556}") = "CompanyEmployees", "..\CompanyEmployees\CompanyEmployees\CompanyEmployees.csproj", "{43D0172B-B282-4A7F-B6A5-A40A71F5949D}"
EndProject
Global
	GlobalSection(SolutionConfigurationPlatforms) = preSolution
		Debug|Any CPU = Debug|Any CPU
		Release|Any CPU = Release|Any CPU
	EndGlobalSection
	GlobalSection(ProjectConfigurationPlatforms) = postSolution
		{F9985DF8-6221-4AD9-8841-E6D02510E173}.Debug|Any CPU.ActiveCfg = Debug|Any CPU
		{F9985DF8-6221-4AD9-8841-E6D02510E173}.Debug|Any CPU.Build.0 = Debug|Any CPU
		{F9985DF8-6221-4AD9-8841-E6D02510E173}.Release|Any CPU.ActiveCfg = Release|Any CPU
		{F9985DF8-6221-4AD9-8841-E6D02510E173}.Release|Any CPU.Build.0 = Release|Any CPU
		{8F855172-F230-405B-B7CD-CDAF7867F54B}.Debug|Any CPU.ActiveCfg = Debug|Any CPU
		{8F855172-F230-405B-B7CD-CDAF7867F54B}.Debug|Any CPU.Build.0 = Debug|Any CPU
		{8F855172-F230-405B-B7CD-CDAF7867F54B}.Release|Any CPU.ActiveCfg = Release|Any CPU
		{8F855172-F230-405B-B7CD-CDAF7867F54B}.Release|Any CPU.Build.0 = Release|Any CPU
		{43D0172B-B282-4A7F-B6A5-A40A71F5949D}.Debug|Any CPU.ActiveCfg = Debug|Any CPU
		{43D0172B-B282-4A7F-B6A5-A40A71F5949D}.Debug|Any CPU.Build.0 = Debug|Any CPU
		{43D0172B-B282-4A7F-B6A5-A40A71F5949D}.Release|Any CPU.ActiveCfg = Release|Any CPU
		{43D0172B-B282-4A7F-B6A5-A40A71F5949D}.Release|Any CPU.Build.0 = Release|Any CPU
	EndGlobalSection
	GlobalSection(SolutionProperties) = preSolution
		HideSolutionNode = FALSE
	EndGlobalSection
	GlobalSection(ExtensibilityGlobals) = postSolution
		SolutionGuid = {EEAE672D-0518-4D77-A56F-93C8A36F40BC}
	EndGlobalSection
EndGlobal
